
Microsoft Visual Studio Solution File, Format Version 12.00
# Visual Studio Version 16
VisualStudioVersion = 16.0.808.6
MinimumVisualStudioVersion = 10.0.40219.1
Project("{FAE04EC0-301F-11D3-BF4B-00C04F79EFBC}") = "Date", "Date\Date.csproj", "{428D54EF-C19A-4009-BAD0-F24FCB0B8C33}"
EndProject
Global
	GlobalSection(SolutionConfigurationPlatforms) = preSolution
		Debug|Any CPU = Debug|Any CPU
		Release|Any CPU = Release|Any CPU
	EndGlobalSection
	GlobalSection(ProjectConfigurationPlatforms) = postSolution
		{428D54EF-C19A-4009-BAD0-F24FCB0B8C33}.Debug|Any CPU.ActiveCfg = Debug|Any CPU
		{428D54EF-C19A-4009-BAD0-F24FCB0B8C33}.Debug|Any CPU.Build.0 = Debug|Any CPU
		{428D54EF-C19A-4009-BAD0-F24FCB0B8C33}.Release|Any CPU.ActiveCfg = Release|Any CPU
		{428D54EF-C19A-4009-BAD0-F24FCB0B8C33}.Release|Any CPU.Build.0 = Release|Any CPU
	EndGlobalSection
	GlobalSection(SolutionProperties) = preSolution
		HideSolutionNode = FALSE
	EndGlobalSection
	GlobalSection(ExtensibilityGlobals) = postSolution
		SolutionGuid = {A79547DC-2976-4F48-A2FB-AE7C87E29A89}
	EndGlobalSection
EndGlobal
